# THIS IS AN AUTOGENERATED FILE. DO NOT EDIT THIS FILE DIRECTLY.
# yarn lockfile v1


"@babel/runtime@^7.0.0", "@babel/runtime@^7.1.2", "@babel/runtime@^7.4.5":
  version "7.5.5"
  resolved "https://registry.yarnpkg.com/@babel/runtime/-/runtime-7.5.5.tgz#74fba56d35efbeca444091c7850ccd494fd2f132"
  integrity sha512-28QvEGyQyNkB0/m2B4FU7IEZGK2NUrcMtT6BZEFALTguLk+AUT6ofsHtPk5QyjAdUkpMJ+/Em+quwz4HOt30AQ==
  dependencies:
    regenerator-runtime "^0.13.2"

"@types/prop-types@*":
  version "15.7.0"
  resolved "https://registry.yarnpkg.com/@types/prop-types/-/prop-types-15.7.0.tgz#4c48fed958d6dcf9487195a0ef6456d5f6e0163a"
  integrity sha512-eItQyV43bj4rR3JPV0Skpl1SncRCdziTEK9/v8VwXmV6d/qOUO8/EuWeHBbCZcsfSHfzI5UyMJLCSXtxxznyZg==

"@types/react@*":
  version "16.9.2"
  resolved "https://registry.yarnpkg.com/@types/react/-/react-16.9.2.tgz#6d1765431a1ad1877979013906731aae373de268"
  integrity sha512-jYP2LWwlh+FTqGd9v7ynUKZzjj98T8x7Yclz479QdRhHfuW9yQ+0jjnD31eXSXutmBpppj5PYNLYLRfnZJvcfg==
  dependencies:
    "@types/prop-types" "*"
    csstype "^2.2.0"

"@types/react@^16.8":
  version "16.8.4"
  resolved "https://registry.yarnpkg.com/@types/react/-/react-16.8.4.tgz#134307f5266e866d5e7c25e47f31f9abd5b2ea34"
  integrity sha512-Mpz1NNMJvrjf0GcDqiK8+YeOydXfD8Mgag3UtqQ5lXYTsMnOiHcKmO48LiSWMb1rSHB9MV/jlgyNzeAVxWMZRQ==
  dependencies:
    "@types/prop-types" "*"
    csstype "^2.2.0"

"@types/styletron-engine-atomic@^1.1.0":
  version "1.1.0"
  resolved "https://registry.yarnpkg.com/@types/styletron-engine-atomic/-/styletron-engine-atomic-1.1.0.tgz#aea5f44e946aa4641e576b13048a78e0efebdfc3"
  integrity sha512-wEU9lwW+sEZ7y8lRmPe2NLNeJzm7AgvK72CVE0iHoT1pyzS90O9APgxaN5E83p4h8ej7wOaS3swBZtvZ08B/LQ==
  dependencies:
    "@types/styletron-standard" "*"

"@types/styletron-react@^5.0.1":
  version "5.0.1"
  resolved "https://registry.yarnpkg.com/@types/styletron-react/-/styletron-react-5.0.1.tgz#2d0131bb1e498f4c8ec468b77bb0f6b2bcba59ea"
  integrity sha512-rOgsOZwRiRKQfxxM6cguh1Tk3vyLzOFxCq3CoDgAPp79qg6oK5VlF0gc9hnk9Tl4UYv0fKJRkJ+oy/UJk5x5PA==
  dependencies:
    "@types/react" "*"
    "@types/styletron-standard" "*"

"@types/styletron-standard@*", "@types/styletron-standard@^2.0.0":
  version "2.0.0"
  resolved "https://registry.yarnpkg.com/@types/styletron-standard/-/styletron-standard-2.0.0.tgz#fff4c89cb2cb1f6cc48699188fcea31a02191052"
  integrity sha512-TCNFfgWmGLyuthLVl55Bvw6xjdflrtJ43+CIB+UfumLDRDFdANPB5fnMP/gahepI/QUaLI0nVuZYfNq/MTCjdQ==
  dependencies:
    csstype "^2.6.4"

agent-base@^4.3.0:
  version "4.3.0"
  resolved "https://registry.yarnpkg.com/agent-base/-/agent-base-4.3.0.tgz#8165f01c436009bccad0b1d122f05ed770efc6ee"
  integrity sha512-salcGninV0nPrwpGNn4VTXBb1SOuXQBiqbrNXoeizJsHrsL6ERFM2Ne3JUSBWRE6aeNJI2ROP/WEEIDUiDe3cg==
  dependencies:
    es6-promisify "^5.0.0"

async-limiter@~1.0.0:
  version "1.0.1"
  resolved "https://registry.yarnpkg.com/async-limiter/-/async-limiter-1.0.1.tgz#dd379e94f0db8310b08291f9d64c3209766617fd"
  integrity sha512-csOlWGAcRFJaI6m+F2WKdnMKr4HhdhFVBk0H/QbJFMCr+uO2kwohwXQPxw/9OCxp05r5ghVBFSyioixx3gfkNQ==

attr-accept@^1.1.3:
  version "1.1.3"
  resolved "https://registry.yarnpkg.com/attr-accept/-/attr-accept-1.1.3.tgz#48230c79f93790ef2775fcec4f0db0f5db41ca52"
  integrity sha512-iT40nudw8zmCweivz6j58g+RT33I4KbaIvRUhjNmDwO2WmsQUxFEZZYZ5w3vXe5x5MX9D7mfvA/XaLOZYFR9EQ==
  dependencies:
    core-js "^2.5.0"

babel-runtime@^6.26.0:
  version "6.26.0"
  resolved "https://registry.yarnpkg.com/babel-runtime/-/babel-runtime-6.26.0.tgz#965c7058668e82b55d7bfe04ff2337bc8b5647fe"
  integrity sha1-llxwWGaOgrVde/4E/yM3vItWR/4=
  dependencies:
    core-js "^2.4.0"
    regenerator-runtime "^0.11.0"

balanced-match@^1.0.0:
  version "1.0.0"
  resolved "https://registry.yarnpkg.com/balanced-match/-/balanced-match-1.0.0.tgz#89b4d199ab2bee49de164ea02b89ce462d71b767"
  integrity sha1-ibTRmasr7kneFk6gK4nORi1xt2c=

baseui@^8.16.5:
  version "8.16.5"
  resolved "https://registry.yarnpkg.com/baseui/-/baseui-8.16.5.tgz#f7b8230b5ea5267768af1f783931598eaf2fb7bf"
  integrity sha512-1uInDT56G5vX5cDWxHDEy6zXFmLlARhvTZ4QfsFzdD0taxR2DqBO5htU8G/2CoXWT16yBhd28sZ9hVgnXjIQ1g==
  dependencies:
    card-validator "^6.1.0"
    date-fns "2.0.0-beta.5"
    just-extend "^4.0.2"
    memoize-one "^5.0.0"
    polished "^3.2.0"
    popper.js "^1.14.3"
    puppeteer "^1.19.0"
    react-dropzone "^9.0.0"
    react-focus-lock "^1.9.1"
    react-input-mask "^2.0.4"
    react-is "^16.8.6"
    react-movable "^2.2.0"
    react-multi-ref "^1.0.0"
    react-range "^1.3.0"
    react-virtualized "^9.21.1"
    smoothscroll-polyfill "^0.4.3"
    timezone-support "^2.0.0"

brace-expansion@^1.1.7:
  version "1.1.11"
  resolved "https://registry.yarnpkg.com/brace-expansion/-/brace-expansion-1.1.11.tgz#3c7fcbf529d87226f3d2f52b966ff5271eb441dd"
  integrity sha512-iCuPHDFgrHX7H2vEI/5xpz07zSHB00TpugqhmYtVmMO6518mCuRMoOYFldEBl0g187ufozdaHgWKcYFb61qGiA==
  dependencies:
    balanced-match "^1.0.0"
    concat-map "0.0.1"

buffer-from@^1.0.0:
  version "1.1.1"
  resolved "https://registry.yarnpkg.com/buffer-from/-/buffer-from-1.1.1.tgz#32713bc028f75c02fdb710d7c7bcec1f2c6070ef"
  integrity sha512-MQcXEUbCKtEo7bhqEs6560Hyd4XaovZlO/k9V3hjVUF/zwW7KBVdSK4gIt/bzwS9MbR5qob+F5jusZsb0YQK2A==

card-validator@^6.1.0:
  version "6.2.0"
  resolved "https://registry.yarnpkg.com/card-validator/-/card-validator-6.2.0.tgz#59037c6480df5786473cab720f165ba868560e0b"
  integrity sha512-1vYv45JaE9NmixZr4dl6ykzbFKv7imI9L7MQDs235b/a7EGbG8rrEsipeHtVvscLSUbl3RX6UP5gyOe0Y2FlHA==
  dependencies:
    credit-card-type "^8.0.0"

clsx@^1.0.1:
  version "1.0.4"
  resolved "https://registry.yarnpkg.com/clsx/-/clsx-1.0.4.tgz#0c0171f6d5cb2fe83848463c15fcc26b4df8c2ec"
  integrity sha512-1mQ557MIZTrL/140j+JVdRM6e31/OA4vTYxXgqIIZlndyfjHpyawKZia1Im05Vp9BWmImkcNrNtFYQMyFcgJDg==

commander@2.20.0:
  version "2.20.0"
  resolved "https://registry.yarnpkg.com/commander/-/commander-2.20.0.tgz#d58bb2b5c1ee8f87b0d340027e9e94e222c5a422"
  integrity sha512-7j2y+40w61zy6YC2iRNpUe/NwhNyoXrYpHMrSunaMG64nRnaf96zO/KMQR4OyN/UnE5KLyEBnKHd4aG3rskjpQ==

concat-map@0.0.1:
  version "0.0.1"
  resolved "https://registry.yarnpkg.com/concat-map/-/concat-map-0.0.1.tgz#d8a96bd77fd68df7793a73036a3ba0d5405d477b"
  integrity sha1-2Klr13/Wjfd5OnMDajug1UBdR3s=

concat-stream@1.6.2:
  version "1.6.2"
  resolved "https://registry.yarnpkg.com/concat-stream/-/concat-stream-1.6.2.tgz#904bdf194cd3122fc675c77fc4ac3d4ff0fd1a34"
  integrity sha512-27HBghJxjiZtIk3Ycvn/4kbJk/1uZuJFfuPEns6LaEvpvG1f0hTea8lilrouyo9mVc2GWdcEZ8OLoGmSADlrCw==
  dependencies:
    buffer-from "^1.0.0"
    inherits "^2.0.3"
    readable-stream "^2.2.2"
    typedarray "^0.0.6"

core-js@^2.4.0, core-js@^2.5.0:
  version "2.6.9"
  resolved "https://registry.yarnpkg.com/core-js/-/core-js-2.6.9.tgz#6b4b214620c834152e179323727fc19741b084f2"
  integrity sha512-HOpZf6eXmnl7la+cUdMnLvUxKNqLUzJvgIziQ0DiF3JwSImNphIqdGqzj6hIKyX04MmV0poclQ7+wjWvxQyR2A==

core-util-is@~1.0.0:
  version "1.0.2"
  resolved "https://registry.yarnpkg.com/core-util-is/-/core-util-is-1.0.2.tgz#b5fd54220aa2bc5ab57aab7140c940754503c1a7"
  integrity sha1-tf1UIgqivFq1eqtxQMlAdUUDwac=

credit-card-type@^8.0.0:
  version "8.2.0"
  resolved "https://registry.yarnpkg.com/credit-card-type/-/credit-card-type-8.2.0.tgz#507a43b257f0f3b8bd4d4b339a419741fc7e6236"
  integrity sha512-+1kZKW717eDTbZ1/EjkEi4+UrD2SygU2Iujn/VlrMHXloGW/y5GqPlQ/KgT4gaoDmWyufBfm/CAzNkpeccfMtA==

css-in-js-utils@^2.0.0:
  version "2.0.1"
  resolved "https://registry.yarnpkg.com/css-in-js-utils/-/css-in-js-utils-2.0.1.tgz#3b472b398787291b47cfe3e44fecfdd9e914ba99"
  integrity sha512-PJF0SpJT+WdbVVt0AOYp9C8GnuruRlL/UFW7932nLWmFLQTaWEzTBQEx7/hn4BuV+WON75iAViSUJLiU3PKbpA==
  dependencies:
    hyphenate-style-name "^1.0.2"
    isobject "^3.0.1"

csstype@2.6.5:
  version "2.6.5"
  resolved "https://registry.yarnpkg.com/csstype/-/csstype-2.6.5.tgz#1cd1dff742ebf4d7c991470ae71e12bb6751e034"
  integrity sha512-JsTaiksRsel5n7XwqPAfB0l3TFKdpjW/kgAELf9vrb5adGA7UCPLajKK5s3nFrcFm3Rkyp/Qkgl73ENc1UY3cA==

csstype@^2.2.0:
  version "2.6.1"
  resolved "https://registry.yarnpkg.com/csstype/-/csstype-2.6.1.tgz#4cfbf637a577497036ebcd7e32647ef19a0b8076"
  integrity sha512-wv7IRqCGsL7WGKB8gPvrl+++HlFM9kxAM6jL1EXNPNTshEJYilMkbfS2SnuHha77uosp/YVK0wAp2jmlBzn1tg==

csstype@^2.6.4:
  version "2.6.6"
  resolved "https://registry.yarnpkg.com/csstype/-/csstype-2.6.6.tgz#c34f8226a94bbb10c32cc0d714afdf942291fc41"
  integrity sha512-RpFbQGUE74iyPgvr46U9t1xoQBM8T4BL8SxrN66Le2xYAPSaDJJKeztV3awugusb3g3G9iL8StmkBBXhcbbXhg==

date-fns@2.0.0-beta.5:
  version "2.0.0-beta.5"
  resolved "https://registry.yarnpkg.com/date-fns/-/date-fns-2.0.0-beta.5.tgz#90885db3772802d55519cd12acd49de56aca1059"
  integrity sha512-GS5yi964NDFNoja9yOdWFj9T97T67yLrUeJZgddHaVfc/6tHWtX7RXocuubmZkNzrZUZ9BqBOW7jTR5OoWjJ1w==

debug@2.6.9:
  version "2.6.9"
  resolved "https://registry.yarnpkg.com/debug/-/debug-2.6.9.tgz#5d128515df134ff327e90a4c93f4e077a536341f"
  integrity sha512-bC7ElrdJaJnPbAP+1EotYvqZsb3ecl5wi6Bfi6BJTUcNowp6cvspg0jXznRTKDjm/E7AdgFBVeAPVMNcKGsHMA==
  dependencies:
    ms "2.0.0"

debug@^3.1.0:
  version "3.2.6"
  resolved "https://registry.yarnpkg.com/debug/-/debug-3.2.6.tgz#e83d17de16d8a7efb7717edbe5fb10135eee629b"
  integrity sha512-mel+jf7nrtEl5Pn1Qx46zARXKDpBbvzezse7p7LqINmdoIk8PYP5SySaxEmYv6TZ0JyEKA1hsCId6DIhgITtWQ==
  dependencies:
    ms "^2.1.1"

debug@^4.1.0:
  version "4.1.1"
  resolved "https://registry.yarnpkg.com/debug/-/debug-4.1.1.tgz#3b72260255109c6b589cee050f1d516139664791"
  integrity sha512-pYAIzeRo8J6KPEaJ0VWOh5Pzkbw/RetuzehGM7QRRX5he4fPHx2rdKMB256ehJCkX+XRQm16eZLqLNS8RSZXZw==
  dependencies:
    ms "^2.1.1"

"dom-helpers@^2.4.0 || ^3.0.0":
  version "3.4.0"
  resolved "https://registry.yarnpkg.com/dom-helpers/-/dom-helpers-3.4.0.tgz#e9b369700f959f62ecde5a6babde4bccd9169af8"
  integrity sha512-LnuPJ+dwqKDIyotW1VzmOZ5TONUN7CwkCR5hrgawTUbkBGYdeoNLZo6nNfGkCrjtE1nXXaj7iMMpDa8/d9WoIA==
  dependencies:
    "@babel/runtime" "^7.1.2"

es6-promise@^4.0.3:
  version "4.2.8"
  resolved "https://registry.yarnpkg.com/es6-promise/-/es6-promise-4.2.8.tgz#4eb21594c972bc40553d276e510539143db53e0a"
  integrity sha512-HJDGx5daxeIvxdBxvG2cb9g4tEvwIk3i8+nhX0yGrYmZUzbkdg8QbDevheDB8gd0//uPj4c1EQua8Q+MViT0/w==

es6-promisify@^5.0.0:
  version "5.0.0"
  resolved "https://registry.yarnpkg.com/es6-promisify/-/es6-promisify-5.0.0.tgz#5109d62f3e56ea967c4b63505aef08291c8a5203"
  integrity sha1-UQnWLz5W6pZ8S2NQWu8IKRyKUgM=
  dependencies:
    es6-promise "^4.0.3"

extract-zip@^1.6.6:
  version "1.6.7"
  resolved "https://registry.yarnpkg.com/extract-zip/-/extract-zip-1.6.7.tgz#a840b4b8af6403264c8db57f4f1a74333ef81fe9"
  integrity sha1-qEC0uK9kAyZMjbV/Txp0Mz74H+k=
  dependencies:
    concat-stream "1.6.2"
    debug "2.6.9"
    mkdirp "0.5.1"
    yauzl "2.4.1"

fd-slicer@~1.0.1:
  version "1.0.1"
  resolved "https://registry.yarnpkg.com/fd-slicer/-/fd-slicer-1.0.1.tgz#8b5bcbd9ec327c5041bf9ab023fd6750f1177e65"
  integrity sha1-i1vL2ewyfFBBv5qwI/1nUPEXfmU=
  dependencies:
    pend "~1.2.0"

file-selector@^0.1.8:
  version "0.1.12"
  resolved "https://registry.yarnpkg.com/file-selector/-/file-selector-0.1.12.tgz#fe726547be219a787a9dcc640575a04a032b1fd0"
  integrity sha512-Kx7RTzxyQipHuiqyZGf+Nz4vY9R1XGxuQl/hLoJwq+J4avk/9wxxgZyHKtbyIPJmbD4A66DWGYfyykWNpcYutQ==
  dependencies:
    tslib "^1.9.0"

focus-lock@^0.6.3:
  version "0.6.5"
  resolved "https://registry.yarnpkg.com/focus-lock/-/focus-lock-0.6.5.tgz#f6eb37832a9b1b205406175f5277396a28c0fce1"
  integrity sha512-i/mVBOoa9o+tl+u9owOJUF8k8L85odZNIsctB+JAK2HFT8jckiBwmk+3uydlm6FN8czgnkIwQtBv6yyAbrzXjw==

fs.realpath@^1.0.0:
  version "1.0.0"
  resolved "https://registry.yarnpkg.com/fs.realpath/-/fs.realpath-1.0.0.tgz#1504ad2523158caa40db4a2787cb01411994ea4f"
  integrity sha1-FQStJSMVjKpA20onh8sBQRmU6k8=

glob@^7.1.3:
  version "7.1.4"
  resolved "https://registry.yarnpkg.com/glob/-/glob-7.1.4.tgz#aa608a2f6c577ad357e1ae5a5c26d9a8d1969255"
  integrity sha512-hkLPepehmnKk41pUGm3sYxoFs/umurYfYJCerbXEyFIWcAzvpipAgVkBqqT9RBKMGjnq6kMuyYwha6csxbiM1A==
  dependencies:
    fs.realpath "^1.0.0"
    inflight "^1.0.4"
    inherits "2"
    minimatch "^3.0.4"
    once "^1.3.0"
    path-is-absolute "^1.0.0"

https-proxy-agent@^2.2.1:
  version "2.2.2"
  resolved "https://registry.yarnpkg.com/https-proxy-agent/-/https-proxy-agent-2.2.2.tgz#271ea8e90f836ac9f119daccd39c19ff7dfb0793"
  integrity sha512-c8Ndjc9Bkpfx/vCJueCPy0jlP4ccCCSNDp8xwCZzPjKJUm+B+u9WX2x98Qx4n1PiMNTWo3D7KK5ifNV/yJyRzg==
  dependencies:
    agent-base "^4.3.0"
    debug "^3.1.0"

hyphenate-style-name@^1.0.2:
  version "1.0.3"
  resolved "https://registry.yarnpkg.com/hyphenate-style-name/-/hyphenate-style-name-1.0.3.tgz#097bb7fa0b8f1a9cf0bd5c734cf95899981a9b48"
  integrity sha512-EcuixamT82oplpoJ2XU4pDtKGWQ7b00CD9f1ug9IaQ3p1bkHMiKCZ9ut9QDI6qsa6cpUuB+A/I+zLtdNK4n2DQ==

inflight@^1.0.4:
  version "1.0.6"
  resolved "https://registry.yarnpkg.com/inflight/-/inflight-1.0.6.tgz#49bd6331d7d02d0c09bc910a1075ba8165b56df9"
  integrity sha1-Sb1jMdfQLQwJvJEKEHW6gWW1bfk=
  dependencies:
    once "^1.3.0"
    wrappy "1"

inherits@2, inherits@^2.0.3, inherits@~2.0.3:
  version "2.0.4"
  resolved "https://registry.yarnpkg.com/inherits/-/inherits-2.0.4.tgz#0fa2c64f932917c3433a0ded55363aae37416b7c"
  integrity sha512-k/vGaX4/Yla3WzyMCvTQOXYeIHvqOKtnqBduzTHpzpQZzAskKMhZ2K+EnBiSM9zGSoIFeMpXKxa4dYeZIQqewQ==

inline-style-prefixer@^5.1.0:
  version "5.1.0"
  resolved "https://registry.yarnpkg.com/inline-style-prefixer/-/inline-style-prefixer-5.1.0.tgz#cb63195f9456dcda25cf59743e45c4d9815b0811"
  integrity sha512-giteQHPMrApQOSjNSjteO5ZGSGMRf9gas14fRy2lg2buSc1nRnj6o6xuNds5cMTKrkncyrTu3gJn/yflFMVdmg==
  dependencies:
    css-in-js-utils "^2.0.0"

invariant@^2.2.4:
  version "2.2.4"
  resolved "https://registry.yarnpkg.com/invariant/-/invariant-2.2.4.tgz#610f3c92c9359ce1db616e538008d23ff35158e6"
  integrity sha512-phJfQVBuaJM5raOpJjSfkiD6BpbCE4Ns//LaXl6wGYtUBY83nWS6Rf9tXm2e8VaK60JEjYldbPif/A2B1C2gNA==
  dependencies:
    loose-envify "^1.0.0"

isarray@~1.0.0:
  version "1.0.0"
  resolved "https://registry.yarnpkg.com/isarray/-/isarray-1.0.0.tgz#bb935d48582cba168c06834957a54a3e07124f11"
  integrity sha1-u5NdSFgsuhaMBoNJV6VKPgcSTxE=

isobject@^3.0.1:
  version "3.0.1"
  resolved "https://registry.yarnpkg.com/isobject/-/isobject-3.0.1.tgz#4e431e92b11a9731636aa1f9c8d1ccbcfdab78df"
  integrity sha1-TkMekrEalzFjaqH5yNHMvP2reN8=

"js-tokens@^3.0.0 || ^4.0.0":
  version "4.0.0"
  resolved "https://registry.yarnpkg.com/js-tokens/-/js-tokens-4.0.0.tgz#19203fb59991df98e3a287050d4647cdeaf32499"
  integrity sha512-RdJUflcE3cUzKiMqQgsCu06FPu9UdIJO0beYbPhHN4k6apgJtifcoCtT9bcxOpYBtpD2kCM6Sbzg4CausW/PKQ==

just-extend@^4.0.2:
  version "4.0.2"
  resolved "https://registry.yarnpkg.com/just-extend/-/just-extend-4.0.2.tgz#f3f47f7dfca0f989c55410a7ebc8854b07108afc"
  integrity sha512-FrLwOgm+iXrPV+5zDU6Jqu4gCRXbWEQg2O3SKONsWE4w7AXFRkryS53bpWdaL9cNol+AmR3AEYz6kn+o0fCPnw==

linear-layout-vector@0.0.1:
  version "0.0.1"
  resolved "https://registry.yarnpkg.com/linear-layout-vector/-/linear-layout-vector-0.0.1.tgz#398114d7303b6ecc7fd6b273af7b8401d8ba9c70"
  integrity sha1-OYEU1zA7bsx/1rJzr3uEAdi6nHA=

loose-envify@^1.0.0, loose-envify@^1.3.0, loose-envify@^1.4.0:
  version "1.4.0"
  resolved "https://registry.yarnpkg.com/loose-envify/-/loose-envify-1.4.0.tgz#71ee51fa7be4caec1a63839f7e682d8132d30caf"
  integrity sha512-lyuxPGr/Wfhrlem2CL/UcnUc1zcqKAImBDzukY7Y5F/yQiNdko6+fRLevlw1HgMySw7f611UIY408EtxRSoK3Q==
  dependencies:
    js-tokens "^3.0.0 || ^4.0.0"

memoize-one@^5.0.0:
  version "5.0.5"
  resolved "https://registry.yarnpkg.com/memoize-one/-/memoize-one-5.0.5.tgz#8cd3809555723a07684afafcd6f756072ac75d7e"
  integrity sha512-ey6EpYv0tEaIbM/nTDOpHciXUvd+ackQrJgEzBwemhZZIWZjcyodqEcrmqDy2BKRTM3a65kKBV4WtLXJDt26SQ==

mime@^2.0.3:
  version "2.4.4"
  resolved "https://registry.yarnpkg.com/mime/-/mime-2.4.4.tgz#bd7b91135fc6b01cde3e9bae33d659b63d8857e5"
  integrity sha512-LRxmNwziLPT828z+4YkNzloCFC2YM4wrB99k+AV5ZbEyfGNWfG8SO1FUXLmLDBSo89NrJZ4DIWeLjy1CHGhMGA==

minimatch@^3.0.4:
  version "3.0.4"
  resolved "https://registry.yarnpkg.com/minimatch/-/minimatch-3.0.4.tgz#5166e286457f03306064be5497e8dbb0c3d32083"
  integrity sha512-yJHVQEhyqPLUTgt9B83PXu6W3rx4MvvHvSUvToogpwoGDOUQ+yDrR0HRot+yOCdCO7u4hX3pWft6kWBBcqh0UA==
  dependencies:
    brace-expansion "^1.1.7"

minimist@0.0.8:
  version "0.0.8"
  resolved "https://registry.yarnpkg.com/minimist/-/minimist-0.0.8.tgz#857fcabfc3397d2625b8228262e86aa7a011b05d"
  integrity sha1-hX/Kv8M5fSYluCKCYuhqp6ARsF0=

mkdirp@0.5.1:
  version "0.5.1"
  resolved "https://registry.yarnpkg.com/mkdirp/-/mkdirp-0.5.1.tgz#30057438eac6cf7f8c4767f38648d6697d75c903"
  integrity sha1-MAV0OOrGz3+MR2fzhkjWaX11yQM=
  dependencies:
    minimist "0.0.8"

ms@2.0.0:
  version "2.0.0"
  resolved "https://registry.yarnpkg.com/ms/-/ms-2.0.0.tgz#5608aeadfc00be6c2901df5f9861788de0d597c8"
  integrity sha1-VgiurfwAvmwpAd9fmGF4jeDVl8g=

ms@^2.1.1:
  version "2.1.2"
  resolved "https://registry.yarnpkg.com/ms/-/ms-2.1.2.tgz#d09d1f357b443f493382a8eb3ccd183872ae6009"
  integrity sha512-sGkPx+VjMtmA6MX27oA4FBFELFCZZ4S4XqeGOXCv68tT+jb3vk/RyaKWP0PTKyWtmLSM0b+adUTEvbs1PEaH2w==

object-assign@^4.1.1:
  version "4.1.1"
  resolved "https://registry.yarnpkg.com/object-assign/-/object-assign-4.1.1.tgz#2109adc7965887cfc05cbbd442cac8bfbb360863"
  integrity sha1-IQmtx5ZYh8/AXLvUQsrIv7s2CGM=

once@^1.3.0:
  version "1.4.0"
  resolved "https://registry.yarnpkg.com/once/-/once-1.4.0.tgz#583b1aa775961d4b113ac17d9c50baef9dd76bd1"
  integrity sha1-WDsap3WWHUsROsF9nFC6753Xa9E=
  dependencies:
    wrappy "1"

path-is-absolute@^1.0.0:
  version "1.0.1"
  resolved "https://registry.yarnpkg.com/path-is-absolute/-/path-is-absolute-1.0.1.tgz#174b9268735534ffbc7ace6bf53a5a9e1b5c5f5f"
  integrity sha1-F0uSaHNVNP+8es5r9TpanhtcX18=

pend@~1.2.0:
  version "1.2.0"
  resolved "https://registry.yarnpkg.com/pend/-/pend-1.2.0.tgz#7a57eb550a6783f9115331fcf4663d5c8e007a50"
  integrity sha1-elfrVQpng/kRUzH89GY9XI4AelA=

polished@^3.2.0:
  version "3.4.1"
  resolved "https://registry.yarnpkg.com/polished/-/polished-3.4.1.tgz#1eb5597ec1792206365635811d465751f5cbf71c"
  integrity sha512-GflTnlP5rrpDoigjczEkS6Ye7NDA4sFvAnlr5hSDrEvjiVj97Xzev3hZlLi3UB27fpxyTS9rWU64VzVLWkG+mg==
  dependencies:
    "@babel/runtime" "^7.4.5"

popper.js@^1.14.3:
  version "1.15.0"
  resolved "https://registry.yarnpkg.com/popper.js/-/popper.js-1.15.0.tgz#5560b99bbad7647e9faa475c6b8056621f5a4ff2"
  integrity sha512-w010cY1oCUmI+9KwwlWki+r5jxKfTFDVoadl7MSrIujHU5MJ5OR6HTDj6Xo8aoR/QsA56x8jKjA59qGH4ELtrA==

prettier@^1.18.2:
  version "1.18.2"
  resolved "https://registry.yarnpkg.com/prettier/-/prettier-1.18.2.tgz#6823e7c5900017b4bd3acf46fe9ac4b4d7bda9ea"
  integrity sha512-OeHeMc0JhFE9idD4ZdtNibzY0+TPHSpSSb9h8FqtP+YnoZZ1sl8Vc9b1sasjfymH3SonAF4QcA2+mzHPhMvIiw==

process-nextick-args@~2.0.0:
  version "2.0.1"
  resolved "https://registry.yarnpkg.com/process-nextick-args/-/process-nextick-args-2.0.1.tgz#7820d9b16120cc55ca9ae7792680ae7dba6d7fe2"
  integrity sha512-3ouUOpQhtgrbOa17J7+uxOTpITYWaGP7/AhoR3+A+/1e9skrzelGi/dXzEYyvbxubEF6Wn2ypscTKiKJFFn1ag==

progress@^2.0.1:
  version "2.0.3"
  resolved "https://registry.yarnpkg.com/progress/-/progress-2.0.3.tgz#7e8cf8d8f5b8f239c1bc68beb4eb78567d572ef8"
  integrity sha512-7PiHtLll5LdnKIMw100I+8xJXR5gW2QwWYkT6iJva0bXitZKa/XMrSbdmg3r2Xnaidz9Qumd0VPaMrZlF9V9sA==

prop-types-extra@^1.1.0:
  version "1.1.0"
  resolved "https://registry.yarnpkg.com/prop-types-extra/-/prop-types-extra-1.1.0.tgz#32609910ea2dcf190366bacd3490d5a6412a605f"
  integrity sha512-QFyuDxvMipmIVKD2TwxLVPzMnO4e5oOf1vr3tJIomL8E7d0lr6phTHd5nkPhFIzTD1idBLLEPeylL9g+rrTzRg==
  dependencies:
    react-is "^16.3.2"
    warning "^3.0.0"

prop-types@^15.6.0, prop-types@^15.6.2:
  version "15.7.2"
  resolved "https://registry.yarnpkg.com/prop-types/-/prop-types-15.7.2.tgz#52c41e75b8c87e72b9d9360e0206b99dcbffa6c5"
  integrity sha512-8QQikdH7//R2vurIJSutZ1smHYTcLpRWEOlHnzcWHmBYrOGUysKwSsrC89BCiFj3CbrfJ/nXFdJepOVrY1GCHQ==
  dependencies:
    loose-envify "^1.4.0"
    object-assign "^4.1.1"
    react-is "^16.8.1"

proxy-from-env@^1.0.0:
  version "1.0.0"
  resolved "https://registry.yarnpkg.com/proxy-from-env/-/proxy-from-env-1.0.0.tgz#33c50398f70ea7eb96d21f7b817630a55791c7ee"
  integrity sha1-M8UDmPcOp+uW0h97gXYwpVeRx+4=

puppeteer@^1.19.0:
  version "1.19.0"
  resolved "https://registry.yarnpkg.com/puppeteer/-/puppeteer-1.19.0.tgz#e3b7b448c2c97933517078d7a2c53687361bebea"
  integrity sha512-2S6E6ygpoqcECaagDbBopoSOPDv0pAZvTbnBgUY+6hq0/XDFDOLEMNlHF/SKJlzcaZ9ckiKjKDuueWI3FN/WXw==
  dependencies:
    debug "^4.1.0"
    extract-zip "^1.6.6"
    https-proxy-agent "^2.2.1"
    mime "^2.0.3"
    progress "^2.0.1"
    proxy-from-env "^1.0.0"
    rimraf "^2.6.1"
    ws "^6.1.0"

react-clientside-effect@^1.2.0:
  version "1.2.2"
  resolved "https://registry.yarnpkg.com/react-clientside-effect/-/react-clientside-effect-1.2.2.tgz#6212fb0e07b204e714581dd51992603d1accc837"
  integrity sha512-nRmoyxeok5PBO6ytPvSjKp9xwXg9xagoTK1mMjwnQxqM9Hd7MNPl+LS1bOSOe+CV2+4fnEquc7H/S8QD3q697A==
  dependencies:
    "@babel/runtime" "^7.0.0"

react-dropzone@^9.0.0:
  version "9.0.0"
  resolved "https://registry.yarnpkg.com/react-dropzone/-/react-dropzone-9.0.0.tgz#4f5223cdcb4d3bd8a66e3298c4041eb0c75c4634"
  integrity sha512-wZ2o9B2qkdE3RumWhfyZT9swgJYJPeU5qHEcMU8weYpmLex1eeWX0CC32/Y0VutB+BBi2D+iePV/YZIiB4kZGw==
  dependencies:
    attr-accept "^1.1.3"
    file-selector "^0.1.8"
    prop-types "^15.6.2"
    prop-types-extra "^1.1.0"

react-focus-lock@^1.9.1:
  version "1.19.1"
  resolved "https://registry.yarnpkg.com/react-focus-lock/-/react-focus-lock-1.19.1.tgz#2f3429793edaefe2d077121f973ce5a3c7a0651a"
  integrity sha512-TPpfiack1/nF4uttySfpxPk4rGZTLXlaZl7ncZg/ELAk24Iq2B1UUaUioID8H8dneUXqznT83JTNDHDj+kwryw==
  dependencies:
    "@babel/runtime" "^7.0.0"
    focus-lock "^0.6.3"
    prop-types "^15.6.2"
    react-clientside-effect "^1.2.0"

react-input-mask@^2.0.4:
  version "2.0.4"
  resolved "https://registry.yarnpkg.com/react-input-mask/-/react-input-mask-2.0.4.tgz#9ade5cf8196f4a856dbf010820fe75a795f3eb14"
  integrity sha512-1hwzMr/aO9tXfiroiVCx5EtKohKwLk/NT8QlJXHQ4N+yJJFyUuMT+zfTpLBwX/lK3PkuMlievIffncpMZ3HGRQ==
  dependencies:
    invariant "^2.2.4"
    warning "^4.0.2"

react-is@^16.3.2, react-is@^16.8.1, react-is@^16.8.6:
  version "16.9.0"
  resolved "https://registry.yarnpkg.com/react-is/-/react-is-16.9.0.tgz#21ca9561399aad0ff1a7701c01683e8ca981edcb"
  integrity sha512-tJBzzzIgnnRfEm046qRcURvwQnZVXmuCbscxUO5RWrGTXpon2d4c8mI0D8WE6ydVIm29JiLB6+RslkIvym9Rjw==

react-lifecycles-compat@^3.0.4:
  version "3.0.4"
  resolved "https://registry.yarnpkg.com/react-lifecycles-compat/-/react-lifecycles-compat-3.0.4.tgz#4f1a273afdfc8f3488a8c516bfda78f872352362"
  integrity sha512-fBASbA6LnOU9dOU2eW7aQ8xmYBSXUIWr+UmF9b1efZBazGNO+rcXT/icdKnYm2pTwcRylVUYwW7H1PHfLekVzA==

react-movable@^2.2.0:
  version "2.2.0"
  resolved "https://registry.yarnpkg.com/react-movable/-/react-movable-2.2.0.tgz#08e7de1290b4c0d847fe038debcd3cd0eff750bf"
  integrity sha512-hYv+vJ0pMXvemsnMgiDL7TH/muk1dGg9EHXH5tM6fFzdDmXGXlu8ijMErls9zYXzdZen/ghOUHBkBv4zC9EOyQ==

react-multi-ref@^1.0.0:
  version "1.0.0"
  resolved "https://registry.yarnpkg.com/react-multi-ref/-/react-multi-ref-1.0.0.tgz#6075731f82666ce9b59fa1a2763e8bb534202e7e"
  integrity sha512-LJuQXEabnv8JLcvcWeJcTogxG4eXVFiPfQ9CECuwWUbfJdrVpPf13m9RxmImyJS0J99BWokGn7dlR1dR06XPDw==
  dependencies:
    "@babel/runtime" "^7.1.2"

react-range@^1.3.0:
  version "1.3.0"
  resolved "https://registry.yarnpkg.com/react-range/-/react-range-1.3.0.tgz#68ded5396cf29b765a73a3dc85fe084ca84b8351"
  integrity sha512-FIVXwY0AIFoLRJRwDKlZtoLA1CZ4ONOtpmSoHwQRD5kMcakPfxpPqvLqHMN9R5lyJqkHO4ljUQdLX+P3vzxuNg==

react-virtualized@^9.21.1:
  version "9.21.1"
  resolved "https://registry.yarnpkg.com/react-virtualized/-/react-virtualized-9.21.1.tgz#4dbbf8f0a1420e2de3abf28fbb77120815277b3a"
  integrity sha512-E53vFjRRMCyUTEKuDLuGH1ld/9TFzjf/fFW816PE4HFXWZorESbSTYtiZz1oAjra0MminaUU1EnvUxoGuEFFPA==
  dependencies:
    babel-runtime "^6.26.0"
    clsx "^1.0.1"
    dom-helpers "^2.4.0 || ^3.0.0"
    linear-layout-vector "0.0.1"
    loose-envify "^1.3.0"
    prop-types "^15.6.0"
    react-lifecycles-compat "^3.0.4"

reactn@^2.2.1:
  version "2.2.1"
  resolved "https://registry.yarnpkg.com/reactn/-/reactn-2.2.1.tgz#967632b4565940151bab97a84e75bf11fdec469a"
  integrity sha512-7jYGbEIkHWu+o+D/jyT62zcjteqQnWSk4o2APi0fUGEmn//SGAMbeFQqAzd3vGcQlz+vX5uirFbqp7uC2GdmmQ==
  dependencies:
    use-force-update "^1.0.5"

readable-stream@^2.2.2:
  version "2.3.6"
  resolved "https://registry.yarnpkg.com/readable-stream/-/readable-stream-2.3.6.tgz#b11c27d88b8ff1fbe070643cf94b0c79ae1b0aaf"
  integrity sha512-tQtKA9WIAhBF3+VLAseyMqZeBjW0AHJoxOtYqSUZNJxauErmLbVm2FW1y+J/YA9dUrAC39ITejlZWhVIwawkKw==
  dependencies:
    core-util-is "~1.0.0"
    inherits "~2.0.3"
    isarray "~1.0.0"
    process-nextick-args "~2.0.0"
    safe-buffer "~5.1.1"
    string_decoder "~1.1.1"
    util-deprecate "~1.0.1"

regenerator-runtime@^0.11.0:
  version "0.11.1"
  resolved "https://registry.yarnpkg.com/regenerator-runtime/-/regenerator-runtime-0.11.1.tgz#be05ad7f9bf7d22e056f9726cee5017fbf19e2e9"
  integrity sha512-MguG95oij0fC3QV3URf4V2SDYGJhJnJGqvIIgdECeODCT98wSWDAJ94SSuVpYQUoTcGUIL6L4yNB7j1DFFHSBg==

regenerator-runtime@^0.13.2:
  version "0.13.3"
  resolved "https://registry.yarnpkg.com/regenerator-runtime/-/regenerator-runtime-0.13.3.tgz#7cf6a77d8f5c6f60eb73c5fc1955b2ceb01e6bf5"
  integrity sha512-naKIZz2GQ8JWh///G7L3X6LaQUAMp2lvb1rvwwsURe/VXwD6VMfr+/1NuNw3ag8v2kY1aQ/go5SNn79O9JU7yw==

rimraf@^2.6.1:
  version "2.7.1"
  resolved "https://registry.yarnpkg.com/rimraf/-/rimraf-2.7.1.tgz#35797f13a7fdadc566142c29d4f07ccad483e3ec"
  integrity sha512-uWjbaKIK3T1OSVptzX7Nl6PvQ3qAGtKEtVRjRuazjfL3Bx5eI409VZSqgND+4UNnmzLVdPj9FqFJNPqBZFve4w==
  dependencies:
    glob "^7.1.3"

safe-buffer@~5.1.0, safe-buffer@~5.1.1:
  version "5.1.2"
  resolved "https://registry.yarnpkg.com/safe-buffer/-/safe-buffer-5.1.2.tgz#991ec69d296e0313747d59bdfd2b745c35f8828d"
  integrity sha512-Gd2UZBJDkXlY7GbJxfsE8/nvKkUEU1G38c1siN6QP6a9PT9MmHB8GnpscSmMJSoF8LOIrt8ud/wPtojys4G6+g==

smoothscroll-polyfill@^0.4.3:
  version "0.4.4"
  resolved "https://registry.yarnpkg.com/smoothscroll-polyfill/-/smoothscroll-polyfill-0.4.4.tgz#3a259131dc6930e6ca80003e1cb03b603b69abf8"
  integrity sha512-TK5ZA9U5RqCwMpfoMq/l1mrH0JAR7y7KRvOBx0n2869aLxch+gT9GhN3yUfjiw+d/DiF1mKo14+hd62JyMmoBg==

string_decoder@~1.1.1:
  version "1.1.1"
  resolved "https://registry.yarnpkg.com/string_decoder/-/string_decoder-1.1.1.tgz#9cf1611ba62685d7030ae9e4ba34149c3af03fc8"
  integrity sha512-n/ShnvDi6FHbbVfviro+WojiFzv+s8MPMHBczVePfUpDJLwoLT0ht1l4YwBCbi8pJAveEEdnkHyPyTP/mzRfwg==
  dependencies:
    safe-buffer "~5.1.0"

styletron-engine-atomic@^1.4.0:
  version "1.4.0"
  resolved "https://registry.yarnpkg.com/styletron-engine-atomic/-/styletron-engine-atomic-1.4.0.tgz#fad82091396c02d92c4f64ff299b054054da23ad"
  integrity sha512-JpJ8KF8i2FAb/ZGXdsiwpipgPiyn+mkatP9o5bnqfyijDrlNpfxGDEnW+nYxi0JDKvV7yqiPabVOD2ahi/CaDQ==
  dependencies:
    inline-style-prefixer "^5.1.0"
    styletron-standard "^3.0.0"

styletron-react@^5.2.0:
  version "5.2.0"
  resolved "https://registry.yarnpkg.com/styletron-react/-/styletron-react-5.2.0.tgz#670f276782fc65a64d9af3ae8f50da2935869ee4"
  integrity sha512-UX7Yvz7pUe9s0VRoShMAoFi9KJLfJMbbNFrwiK6rmjtjjA69yfrA75gGrb/BjUO003t3K/MDHInUg/uJb90PQQ==
  dependencies:
    prop-types "^15.6.0"
    styletron-standard "^3.0.0"

styletron-standard@^3.0.0:
  version "3.0.0"
  resolved "https://registry.yarnpkg.com/styletron-standard/-/styletron-standard-3.0.0.tgz#a6d75b4e1390331186ab6b01c69df391f1c7c277"
  integrity sha512-Rmx7os4JiowVaQz/51xJdyPNZ3pEdbyU00i8vFFbUPxPbmR1pcO70ZmiazOzFZz0W43tF2IcUlfE/GncNi1WqQ==
  dependencies:
    csstype "2.6.5"
    inline-style-prefixer "^5.1.0"

timezone-support@^2.0.0:
  version "2.0.2"
  resolved "https://registry.yarnpkg.com/timezone-support/-/timezone-support-2.0.2.tgz#801d6924478b1b60f09b90699ce1127a6044cbe7"
  integrity sha512-J/1PyHCX76vOPuJzCyHMQMH2wTjXCJ30R5EXaS/QTi+xYsL0thS0pubDrHCWnfG4zU1jpPJtctnBBRCOpcJZeQ==
  dependencies:
    commander "2.20.0"

tslib@^1.9.0:
  version "1.10.0"
  resolved "https://registry.yarnpkg.com/tslib/-/tslib-1.10.0.tgz#c3c19f95973fb0a62973fb09d90d961ee43e5c8a"
  integrity sha512-qOebF53frne81cf0S9B41ByenJ3/IuH8yJKngAX35CmiZySA0khhkovshKK+jGCaMnVomla7gVlIcc3EvKPbTQ==

typedarray@^0.0.6:
  version "0.0.6"
  resolved "https://registry.yarnpkg.com/typedarray/-/typedarray-0.0.6.tgz#867ac74e3864187b1d3d47d996a78ec5c8830777"
  integrity sha1-hnrHTjhkGHsdPUfZlqeOxciDB3c=

use-force-update@^1.0.5:
  version "1.0.7"
  resolved "https://registry.yarnpkg.com/use-force-update/-/use-force-update-1.0.7.tgz#f5e672633f5a398b25c33b2287150918bcb3526b"
  integrity sha512-k5dppYhO+I5X/cd7ildbrzeMZJkWwdAh5adaIk0qKN2euh7J0h2GBGBcB4QZ385eyHHnp7LIygvebdRx3XKdwA==

util-deprecate@~1.0.1:
  version "1.0.2"
  resolved "https://registry.yarnpkg.com/util-deprecate/-/util-deprecate-1.0.2.tgz#450d4dc9fa70de732762fbd2d4a28981419a0ccf"
  integrity sha1-RQ1Nyfpw3nMnYvvS1KKJgUGaDM8=

warning@^3.0.0:
  version "3.0.0"
  resolved "https://registry.yarnpkg.com/warning/-/warning-3.0.0.tgz#32e5377cb572de4ab04753bdf8821c01ed605b7c"
  integrity sha1-MuU3fLVy3kqwR1O9+IIcAe1gW3w=
  dependencies:
    loose-envify "^1.0.0"

warning@^4.0.2:
  version "4.0.3"
  resolved "https://registry.yarnpkg.com/warning/-/warning-4.0.3.tgz#16e9e077eb8a86d6af7d64aa1e05fd85b4678ca3"
  integrity sha512-rpJyN222KWIvHJ/F53XSZv0Zl/accqHR8et1kpaMTD/fLCRxtV8iX8czMzY7sVZupTI3zcUTg8eycS2kNF9l6w==
  dependencies:
    loose-envify "^1.0.0"

wrappy@1:
  version "1.0.2"
  resolved "https://registry.yarnpkg.com/wrappy/-/wrappy-1.0.2.tgz#b5243d8f3ec1aa35f1364605bc0d1036e30ab69f"
  integrity sha1-tSQ9jz7BqjXxNkYFvA0QNuMKtp8=

ws@^6.1.0:
  version "6.2.1"
  resolved "https://registry.yarnpkg.com/ws/-/ws-6.2.1.tgz#442fdf0a47ed64f59b6a5d8ff130f4748ed524fb"
  integrity sha512-GIyAXC2cB7LjvpgMt9EKS2ldqr0MTrORaleiOno6TweZ6r3TKtoFQWay/2PceJ3RuBasOHzXNn5Lrw1X0bEjqA==
  dependencies:
    async-limiter "~1.0.0"

yauzl@2.4.1:
  version "2.4.1"
  resolved "https://registry.yarnpkg.com/yauzl/-/yauzl-2.4.1.tgz#9528f442dab1b2284e58b4379bb194e22e0c4005"
  integrity sha1-lSj0QtqxsihOWLQ3m7GU4i4MQAU=
  dependencies:
    fd-slicer "~1.0.1"
